
Microsoft Visual Studio Solution File, Format Version 10.00
# Visual Studio 2008
Project("{FAE04EC0-301F-11D3-BF4B-00C04F79EFBC}") = "test7_dynamic_GUI", "test7_dynamic_GUI\test7_dynamic_GUI.csproj", "{88294A27-0BA7-4282-AD1A-13EB104E80D8}"
EndProject
Global
	GlobalSection(SolutionConfigurationPlatforms) = preSolution
		Debug|Any CPU = Debug|Any CPU
		Release|Any CPU = Release|Any CPU
	EndGlobalSection
	GlobalSection(ProjectConfigurationPlatforms) = postSolution
		{88294A27-0BA7-4282-AD1A-13EB104E80D8}.Debug|Any CPU.ActiveCfg = Debug|Any CPU
		{88294A27-0BA7-4282-AD1A-13EB104E80D8}.Debug|Any CPU.Build.0 = Debug|Any CPU
		{88294A27-0BA7-4282-AD1A-13EB104E80D8}.Release|Any CPU.ActiveCfg = Release|Any CPU
		{88294A27-0BA7-4282-AD1A-13EB104E80D8}.Release|Any CPU.Build.0 = Release|Any CPU
	EndGlobalSection
	GlobalSection(SolutionProperties) = preSolution
		HideSolutionNode = FALSE
	EndGlobalSection
EndGlobal
